
Microsoft Visual Studio Solution File, Format Version 12.00
# Visual Studio 15
VisualStudioVersion = 15.0.27004.2009
MinimumVisualStudioVersion = 10.0.40219.1
Project("{FAE04EC0-301F-11D3-BF4B-00C04F79EFBC}") = "GetStarted", "GetStarted\GetStarted.csproj", "{5489AD33-A333-48A2-A020-A544636CAB2B}"
EndProject
Project("{FAE04EC0-301F-11D3-BF4B-00C04F79EFBC}") = "SegundoProyecto", "SegundoProyecto\SegundoProyecto.csproj", "{A4B7DAA2-1C0B-4496-B605-2DD1B3C9D688}"
EndProject
Project("{FAE04EC0-301F-11D3-BF4B-00C04F79EFBC}") = "LoginUser", "LoginUser\LoginUser.csproj", "{24262CBA-2B76-49E7-AAC8-3275E2CA024E}"
EndProject
Global
	GlobalSection(SolutionConfigurationPlatforms) = preSolution
		Debug|Any CPU = Debug|Any CPU
		Release|Any CPU = Release|Any CPU
	EndGlobalSection
	GlobalSection(ProjectConfigurationPlatforms) = postSolution
		{5489AD33-A333-48A2-A020-A544636CAB2B}.Debug|Any CPU.ActiveCfg = Debug|Any CPU
		{5489AD33-A333-48A2-A020-A544636CAB2B}.Debug|Any CPU.Build.0 = Debug|Any CPU
		{5489AD33-A333-48A2-A020-A544636CAB2B}.Release|Any CPU.ActiveCfg = Release|Any CPU
		{5489AD33-A333-48A2-A020-A544636CAB2B}.Release|Any CPU.Build.0 = Release|Any CPU
		{A4B7DAA2-1C0B-4496-B605-2DD1B3C9D688}.Debug|Any CPU.ActiveCfg = Debug|Any CPU
		{A4B7DAA2-1C0B-4496-B605-2DD1B3C9D688}.Debug|Any CPU.Build.0 = Debug|Any CPU
		{A4B7DAA2-1C0B-4496-B605-2DD1B3C9D688}.Release|Any CPU.ActiveCfg = Release|Any CPU
		{A4B7DAA2-1C0B-4496-B605-2DD1B3C9D688}.Release|Any CPU.Build.0 = Release|Any CPU
		{24262CBA-2B76-49E7-AAC8-3275E2CA024E}.Debug|Any CPU.ActiveCfg = Debug|Any CPU
		{24262CBA-2B76-49E7-AAC8-3275E2CA024E}.Debug|Any CPU.Build.0 = Debug|Any CPU
		{24262CBA-2B76-49E7-AAC8-3275E2CA024E}.Release|Any CPU.ActiveCfg = Release|Any CPU
		{24262CBA-2B76-49E7-AAC8-3275E2CA024E}.Release|Any CPU.Build.0 = Release|Any CPU
	EndGlobalSection
	GlobalSection(SolutionProperties) = preSolution
		HideSolutionNode = FALSE
	EndGlobalSection
	GlobalSection(ExtensibilityGlobals) = postSolution
		SolutionGuid = {1ED6BE0D-0DBB-4504-87D8-1F55A41C5C76}
	EndGlobalSection
EndGlobal
