
Microsoft Visual Studio Solution File, Format Version 12.00
# Visual Studio 15
VisualStudioVersion = 15.0.27004.2009
MinimumVisualStudioVersion = 10.0.40219.1
Project("{FAE04EC0-301F-11D3-BF4B-00C04F79EFBC}") = "WordAnalyzer", "WordAnalyzer\WordAnalyzer.csproj", "{E11FCA75-3496-43FB-8E1B-F35535EB462F}"
EndProject
Global
	GlobalSection(SolutionConfigurationPlatforms) = preSolution
		Debug|Any CPU = Debug|Any CPU
		Release|Any CPU = Release|Any CPU
	EndGlobalSection
	GlobalSection(ProjectConfigurationPlatforms) = postSolution
		{E11FCA75-3496-43FB-8E1B-F35535EB462F}.Debug|Any CPU.ActiveCfg = Debug|Any CPU
		{E11FCA75-3496-43FB-8E1B-F35535EB462F}.Debug|Any CPU.Build.0 = Debug|Any CPU
		{E11FCA75-3496-43FB-8E1B-F35535EB462F}.Release|Any CPU.ActiveCfg = Release|Any CPU
		{E11FCA75-3496-43FB-8E1B-F35535EB462F}.Release|Any CPU.Build.0 = Release|Any CPU
	EndGlobalSection
	GlobalSection(SolutionProperties) = preSolution
		HideSolutionNode = FALSE
	EndGlobalSection
	GlobalSection(ExtensibilityGlobals) = postSolution
		SolutionGuid = {C8BAF87B-AA32-4DD6-B7BE-73FF6142943B}
	EndGlobalSection
EndGlobal
