
Microsoft Visual Studio Solution File, Format Version 12.00
# Visual Studio 15
VisualStudioVersion = 15.0.27004.2009
MinimumVisualStudioVersion = 10.0.40219.1
Project("{FAE04EC0-301F-11D3-BF4B-00C04F79EFBC}") = "fileDownloading", "fileDownloading\fileDownloading.csproj", "{FC0C91EA-A382-4C47-9814-12FD20BED234}"
EndProject
Project("{FAE04EC0-301F-11D3-BF4B-00C04F79EFBC}") = "fileProcess", "fileProcess\fileProcess.csproj", "{ABFBC3B6-22E6-40C2-9E67-4D0E635AECEC}"
EndProject
Global
	GlobalSection(SolutionConfigurationPlatforms) = preSolution
		Debug|Any CPU = Debug|Any CPU
		Release|Any CPU = Release|Any CPU
	EndGlobalSection
	GlobalSection(ProjectConfigurationPlatforms) = postSolution
		{FC0C91EA-A382-4C47-9814-12FD20BED234}.Debug|Any CPU.ActiveCfg = Debug|Any CPU
		{FC0C91EA-A382-4C47-9814-12FD20BED234}.Debug|Any CPU.Build.0 = Debug|Any CPU
		{FC0C91EA-A382-4C47-9814-12FD20BED234}.Release|Any CPU.ActiveCfg = Release|Any CPU
		{FC0C91EA-A382-4C47-9814-12FD20BED234}.Release|Any CPU.Build.0 = Release|Any CPU
		{ABFBC3B6-22E6-40C2-9E67-4D0E635AECEC}.Debug|Any CPU.ActiveCfg = Debug|Any CPU
		{ABFBC3B6-22E6-40C2-9E67-4D0E635AECEC}.Debug|Any CPU.Build.0 = Debug|Any CPU
		{ABFBC3B6-22E6-40C2-9E67-4D0E635AECEC}.Release|Any CPU.ActiveCfg = Release|Any CPU
		{ABFBC3B6-22E6-40C2-9E67-4D0E635AECEC}.Release|Any CPU.Build.0 = Release|Any CPU
	EndGlobalSection
	GlobalSection(SolutionProperties) = preSolution
		HideSolutionNode = FALSE
	EndGlobalSection
	GlobalSection(ExtensibilityGlobals) = postSolution
		SolutionGuid = {304221C8-4B27-447B-B1F7-AEC5116D8A9C}
	EndGlobalSection
EndGlobal
