
Microsoft Visual Studio Solution File, Format Version 12.00
# Visual Studio 15
VisualStudioVersion = 15.0.27004.2009
MinimumVisualStudioVersion = 10.0.40219.1
Project("{FAE04EC0-301F-11D3-BF4B-00C04F79EFBC}") = "consoleInteraction", "consoleInteraction\consoleInteraction.csproj", "{982CA38F-5FDD-4913-885E-018DF8208895}"
EndProject
Project("{FAE04EC0-301F-11D3-BF4B-00C04F79EFBC}") = "pooStarting", "pooStarting\pooStarting.csproj", "{B21B6ADA-FA3E-4F6D-BA1F-77BFAD36811E}"
EndProject
Global
	GlobalSection(SolutionConfigurationPlatforms) = preSolution
		Debug|Any CPU = Debug|Any CPU
		Release|Any CPU = Release|Any CPU
	EndGlobalSection
	GlobalSection(ProjectConfigurationPlatforms) = postSolution
		{982CA38F-5FDD-4913-885E-018DF8208895}.Debug|Any CPU.ActiveCfg = Debug|Any CPU
		{982CA38F-5FDD-4913-885E-018DF8208895}.Debug|Any CPU.Build.0 = Debug|Any CPU
		{982CA38F-5FDD-4913-885E-018DF8208895}.Release|Any CPU.ActiveCfg = Release|Any CPU
		{982CA38F-5FDD-4913-885E-018DF8208895}.Release|Any CPU.Build.0 = Release|Any CPU
		{B21B6ADA-FA3E-4F6D-BA1F-77BFAD36811E}.Debug|Any CPU.ActiveCfg = Debug|Any CPU
		{B21B6ADA-FA3E-4F6D-BA1F-77BFAD36811E}.Debug|Any CPU.Build.0 = Debug|Any CPU
		{B21B6ADA-FA3E-4F6D-BA1F-77BFAD36811E}.Release|Any CPU.ActiveCfg = Release|Any CPU
		{B21B6ADA-FA3E-4F6D-BA1F-77BFAD36811E}.Release|Any CPU.Build.0 = Release|Any CPU
	EndGlobalSection
	GlobalSection(SolutionProperties) = preSolution
		HideSolutionNode = FALSE
	EndGlobalSection
	GlobalSection(ExtensibilityGlobals) = postSolution
		SolutionGuid = {48A01529-A327-4398-BD7F-C14D197B7E40}
	EndGlobalSection
EndGlobal
